{
  "version": 4,
  "terraform_version": "1.2.9",
  "serial": 7,
  "lineage": "301c47a1-ceb2-6a10-3372-92fee59c1cec",
  "outputs": {},
  "resources": [
    {
      "mode": "data",
      "type": "tencentcloud_image",
      "name": "ubuntu",
      "provider": "provider[\"registry.terraform.io/tencentcloudstack/tencentcloud\"]",
      "instances": [
        {
          "schema_version": 0,
          "attributes": {
            "filter": [
              {
                "name": "image-type",
                "values": [
                  "PUBLIC_IMAGE"
                ]
              }
            ],
            "id": "2103607329",
            "image_id": "img-22trbn9x",
            "image_name": "Ubuntu Server 20.04 LTS 64bit",
            "image_name_regex": "Ubuntu Server 20.04 LTS 64bit",
            "os_name": null,
            "result_output_file": null
          },
          "sensitive_attributes": []
        }
      ]
    },
    {
      "mode": "managed",
      "type": "tencentcloud_instance",
      "name": "CloudNativeOps",
      "provider": "provider[\"registry.terraform.io/tencentcloudstack/tencentcloud\"]",
      "instances": [
        {
          "index_key": 0,
          "schema_version": 0,
          "attributes": {
            "allocate_public_ip": true,
            "availability_zone": "ap-beijing-6",
            "bandwidth_package_id": null,
            "cam_role_name": "",
            "cdh_host_id": null,
            "cdh_instance_type": null,
            "create_time": "2022-10-02T09:33:50Z",
            "data_disks": [],
            "disable_monitor_service": false,
            "disable_security_service": false,
            "expired_time": "2022-11-02T09:33:50Z",
            "force_delete": false,
            "hostname": null,
            "id": "ins-q85xkkvd",
            "image_id": "img-eb30mz89",
            "instance_charge_type": "PREPAID",
            "instance_charge_type_prepaid_period": 1,
            "instance_charge_type_prepaid_renew_flag": "NOTIFY_AND_MANUAL_RENEW",
            "instance_count": null,
            "instance_name": "CloudNativeOps",
            "instance_status": "RUNNING",
            "instance_type": "S6.MEDIUM4",
            "internet_charge_type": "TRAFFIC_POSTPAID_BY_HOUR",
            "internet_max_bandwidth_out": 10,
            "keep_image_login": null,
            "key_ids": [],
            "key_name": "",
            "password": null,
            "placement_group_id": null,
            "private_ip": "10.0.64.10",
            "project_id": 0,
            "public_ip": "43.140.218.9",
            "running_flag": true,
            "security_groups": [
              "sg-75dkfn3n"
            ],
            "spot_instance_type": null,
            "spot_max_price": null,
            "stopped_mode": null,
            "subnet_id": "subnet-67qb95dl",
            "system_disk_id": "disk-pmp1q7u7",
            "system_disk_size": 50,
            "system_disk_type": "CLOUD_PREMIUM",
            "tags": {
              "owner": "GoOps"
            },
            "user_data": null,
            "user_data_raw": null,
            "vpc_id": "vpc-c12uxxwo"
          },
          "sensitive_attributes": [],
          "private": "bnVsbA==",
          "dependencies": [
            "tencentcloud_route_table.rtb_goops",
            "tencentcloud_security_group.gogoops",
            "tencentcloud_subnet.subnet_6",
            "tencentcloud_vpc.CloudNativeOps"
          ]
        }
      ]
    },
    {
      "mode": "managed",
      "type": "tencentcloud_route_table",
      "name": "rtb_goops",
      "provider": "provider[\"registry.terraform.io/tencentcloudstack/tencentcloud\"]",
      "instances": [
        {
          "schema_version": 0,
          "attributes": {
            "create_time": "2022-10-02 17:33:16",
            "id": "rtb-mpnyhghz",
            "is_default": false,
            "name": "rtb-goops",
            "route_entry_ids": [],
            "subnet_ids": [],
            "tags": null,
            "vpc_id": "vpc-c12uxxwo"
          },
          "sensitive_attributes": [],
          "private": "bnVsbA==",
          "dependencies": [
            "tencentcloud_vpc.CloudNativeOps"
          ]
        }
      ]
    },
    {
      "mode": "managed",
      "type": "tencentcloud_security_group",
      "name": "gogoops",
      "provider": "provider[\"registry.terraform.io/tencentcloudstack/tencentcloud\"]",
      "instances": [
        {
          "schema_version": 0,
          "attributes": {
            "description": "",
            "id": "sg-75dkfn3n",
            "name": "sg-test",
            "project_id": 0,
            "tags": null
          },
          "sensitive_attributes": [],
          "private": "bnVsbA=="
        }
      ]
    },
    {
      "mode": "managed",
      "type": "tencentcloud_security_group_rule",
      "name": "sg_rule_test",
      "provider": "provider[\"registry.terraform.io/tencentcloudstack/tencentcloud\"]",
      "instances": [
        {
          "schema_version": 0,
          "attributes": {
            "address_template": null,
            "cidr_ip": "0.0.0.0/0",
            "description": "",
            "id": "eyJzZ19pZCI6InNnLTc1ZGtmbjNuIiwicG9saWN5X3R5cGUiOiJpbmdyZXNzIiwiY2lkcl9pcCI6IjAuMC4wLjAvMCIsInByb3RvY29sIjoidGNwIiwicG9ydF9yYW5nZSI6IjIyLDgwIiwiYWN0aW9uIjoiYWNjZXB0Iiwic291cmNlX3NnX2lkIjoiIiwiZGVzY3JpcHRpb24iOiIifQ==",
            "ip_protocol": "tcp",
            "policy": "accept",
            "policy_index": null,
            "port_range": "22,80",
            "protocol_template": null,
            "security_group_id": "sg-75dkfn3n",
            "source_sgid": null,
            "type": "ingress"
          },
          "sensitive_attributes": [],
          "private": "bnVsbA==",
          "dependencies": [
            "tencentcloud_security_group.gogoops"
          ]
        }
      ]
    },
    {
      "mode": "managed",
      "type": "tencentcloud_subnet",
      "name": "subnet_6",
      "provider": "provider[\"registry.terraform.io/tencentcloudstack/tencentcloud\"]",
      "instances": [
        {
          "schema_version": 0,
          "attributes": {
            "availability_zone": "ap-beijing-6",
            "available_ip_count": 16381,
            "cidr_block": "10.0.64.0/18",
            "create_time": "2022-10-02 17:33:19",
            "id": "subnet-67qb95dl",
            "is_default": false,
            "is_multicast": true,
            "name": "subnet-6",
            "route_table_id": "rtb-mpnyhghz",
            "tags": null,
            "vpc_id": "vpc-c12uxxwo"
          },
          "sensitive_attributes": [],
          "private": "bnVsbA==",
          "dependencies": [
            "tencentcloud_route_table.rtb_goops",
            "tencentcloud_vpc.CloudNativeOps"
          ]
        }
      ]
    },
    {
      "mode": "managed",
      "type": "tencentcloud_vpc",
      "name": "CloudNativeOps",
      "provider": "provider[\"registry.terraform.io/tencentcloudstack/tencentcloud\"]",
      "instances": [
        {
          "schema_version": 0,
          "attributes": {
            "assistant_cidrs": [],
            "cidr_block": "10.0.0.0/16",
            "create_time": "2022-10-02 17:33:11",
            "default_route_table_id": "rtb-cb240gud",
            "dns_servers": [
              "183.60.82.98",
              "183.60.83.19"
            ],
            "id": "vpc-c12uxxwo",
            "is_default": false,
            "is_multicast": true,
            "name": "CloudNativeOps",
            "tags": null
          },
          "sensitive_attributes": [],
          "private": "bnVsbA=="
        }
      ]
    }
  ]
}
